# This file is automatically @generated by Cargo.
# It is not intended for manual editing.
version = 4

[[package]]
name = "atomic-polyfill"
version = "1.0.3"
source = "registry+https://github.com/rust-lang/crates.io-index"
checksum = "8cf2bce30dfe09ef0bfaef228b9d414faaf7e563035494d7fe092dba54b300f4"
dependencies = [
 "critical-section",
]

[[package]]
name = "autocfg"
version = "1.4.0"
source = "registry+https://github.com/rust-lang/crates.io-index"
checksum = "ace50bade8e6234aa140d9a2f552bbee1db4d353f69b8217bc503490fc1a9f26"

[[package]]
name = "axi_stream_self_test"
version = "0.1.0"
dependencies = [
 "bittide-sys",
 "riscv-rt",
 "ufmt",
]

[[package]]
name = "bitflags"
version = "1.3.2"
source = "registry+https://github.com/rust-lang/crates.io-index"
checksum = "bef38d45163c2f1dde094a7dfd33ccf595c92905c8f8f4fdc18d06fb1037718a"

[[package]]
name = "bittide-sys"
version = "0.1.0"
dependencies = [
 "fdt",
 "heapless 0.8.0",
 "log",
 "rand",
 "smoltcp",
 "ufmt",
]

[[package]]
name = "byteorder"
version = "1.5.0"
source = "registry+https://github.com/rust-lang/crates.io-index"
checksum = "1fd0f2584146f6f2ef48085050886acf353beff7305ebd1ae69500e27c67f64b"

[[package]]
name = "capture_ugn_test"
version = "0.1.0"
dependencies = [
 "bittide-sys",
 "riscv-rt",
 "ufmt",
]

[[package]]
name = "cfg-if"
version = "1.0.0"
source = "registry+https://github.com/rust-lang/crates.io-index"
checksum = "baf1de4339761588bc0619e3cbc0120ee582ebb74b53b4efbf79117bd2da40fd"

[[package]]
name = "clock-control"
version = "0.1.0"
dependencies = [
 "bittide-sys",
 "riscv-rt",
]

[[package]]
name = "clock-control-reg-cpy"
version = "0.1.0"
dependencies = [
 "bittide-sys",
 "riscv-rt",
 "ufmt",
]

[[package]]
name = "clock-control-wb"
version = "0.1.0"
dependencies = [
 "bittide-sys",
 "rand",
 "riscv-rt",
 "ufmt",
]

[[package]]
name = "critical-section"
version = "1.2.0"
source = "registry+https://github.com/rust-lang/crates.io-index"
checksum = "790eea4361631c5e7d22598ecd5723ff611904e3344ce8720784c93e3d83d40b"

[[package]]
name = "dna_port_e2_test"
version = "0.1.0"
dependencies = [
 "bittide-sys",
 "riscv-rt",
 "ufmt",
]

[[package]]
name = "embedded-hal"
version = "1.0.0"
source = "registry+https://github.com/rust-lang/crates.io-index"
checksum = "361a90feb7004eca4019fb28352a9465666b24f840f5c3cddf0ff13920590b89"

[[package]]
name = "fdt"
version = "0.1.5"
source = "registry+https://github.com/rust-lang/crates.io-index"
checksum = "784a4df722dc6267a04af36895398f59d21d07dce47232adf31ec0ff2fa45e67"

[[package]]
name = "gdb-trace"
version = "0.1.0"
dependencies = [
 "riscv",
]

[[package]]
name = "hash32"
version = "0.2.1"
source = "registry+https://github.com/rust-lang/crates.io-index"
checksum = "b0c35f58762feb77d74ebe43bdbc3210f09be9fe6742234d573bacc26ed92b67"
dependencies = [
 "byteorder",
]

[[package]]
name = "hash32"
version = "0.3.1"
source = "registry+https://github.com/rust-lang/crates.io-index"
checksum = "47d60b12902ba28e2730cd37e95b8c9223af2808df9e902d4df49588d1470606"
dependencies = [
 "byteorder",
]

[[package]]
name = "heapless"
version = "0.7.17"
source = "registry+https://github.com/rust-lang/crates.io-index"
checksum = "cdc6457c0eb62c71aac4bc17216026d8410337c4126773b9c5daba343f17964f"
dependencies = [
 "atomic-polyfill",
 "hash32 0.2.1",
 "rustc_version",
 "spin",
 "stable_deref_trait",
 "ufmt-write",
]

[[package]]
name = "heapless"
version = "0.8.0"
source = "registry+https://github.com/rust-lang/crates.io-index"
checksum = "0bfb9eb618601c89945a70e254898da93b13be0388091d42117462b265bb3fad"
dependencies = [
 "hash32 0.3.1",
 "stable_deref_trait",
 "ufmt-write",
]

[[package]]
name = "hello"
version = "0.1.0"
dependencies = [
 "bittide-sys",
 "riscv-rt",
 "ufmt",
]

[[package]]
name = "lock_api"
version = "0.4.12"
source = "registry+https://github.com/rust-lang/crates.io-index"
checksum = "07af8b9cdd281b7915f413fa73f29ebd5d55d0d3f0155584dade1ff18cea1b17"
dependencies = [
 "autocfg",
 "scopeguard",
]

[[package]]
name = "log"
version = "0.4.22"
source = "registry+https://github.com/rust-lang/crates.io-index"
checksum = "a7a70ba024b9dc04c27ea2f0c0548feb474ec5c54bba33a7f72f873a39d07b24"

[[package]]
name = "managed"
version = "0.8.0"
source = "registry+https://github.com/rust-lang/crates.io-index"
checksum = "0ca88d725a0a943b096803bd34e73a4437208b6077654cc4ecb2947a5f91618d"

[[package]]
name = "paste"
version = "1.0.15"
source = "registry+https://github.com/rust-lang/crates.io-index"
checksum = "57c0d7b74b563b49d38dae00a0c37d4d6de9b432382b2892f0574ddcae73fd0a"

[[package]]
name = "proc-macro2"
version = "1.0.93"
source = "registry+https://github.com/rust-lang/crates.io-index"
checksum = "60946a68e5f9d28b0dc1c21bb8a97ee7d018a8b322fa57838ba31cc878e22d99"
dependencies = [
 "unicode-ident",
]

[[package]]
name = "processing-element-test"
version = "0.1.0"
dependencies = [
 "heapless 0.7.17",
 "riscv-rt",
 "ufmt",
]

[[package]]
name = "quote"
version = "1.0.38"
source = "registry+https://github.com/rust-lang/crates.io-index"
checksum = "0e4dccaaaf89514f546c693ddc140f729f958c247918a13380cccc6078391acc"
dependencies = [
 "proc-macro2",
]

[[package]]
name = "rand"
version = "0.8.5"
source = "registry+https://github.com/rust-lang/crates.io-index"
checksum = "34af8d1a0e25924bc5b7c43c079c942339d8f0a8b57c39049bef581b46327404"
dependencies = [
 "rand_core",
]

[[package]]
name = "rand_core"
version = "0.6.4"
source = "registry+https://github.com/rust-lang/crates.io-index"
checksum = "ec0be4795e2f6a28069bec0b5ff3e2ac9bafc99e6a9a7dc3547996c5c816922c"

[[package]]
name = "riscv"
version = "0.12.1"
source = "git+https://github.com/rslawson/riscv?branch=rs%2Flto-fixes#aa8cff9538e1f1bfcbae56eb1304357ad94077f7"
dependencies = [
 "critical-section",
 "embedded-hal",
 "paste",
 "riscv-macros",
 "riscv-pac",
]

[[package]]
name = "riscv-macros"
version = "0.1.0"
source = "git+https://github.com/rslawson/riscv?branch=rs%2Flto-fixes#aa8cff9538e1f1bfcbae56eb1304357ad94077f7"
dependencies = [
 "proc-macro2",
 "quote",
 "syn 2.0.96",
]

[[package]]
name = "riscv-pac"
version = "0.2.0"
source = "git+https://github.com/rslawson/riscv?branch=rs%2Flto-fixes#aa8cff9538e1f1bfcbae56eb1304357ad94077f7"

[[package]]
name = "riscv-rt"
version = "0.13.0"
source = "git+https://github.com/rslawson/riscv?branch=rs%2Flto-fixes#aa8cff9538e1f1bfcbae56eb1304357ad94077f7"
dependencies = [
 "riscv",
 "riscv-pac",
 "riscv-rt-macros",
 "riscv-target-parser",
]

[[package]]
name = "riscv-rt-macros"
version = "0.3.0"
source = "git+https://github.com/rslawson/riscv?branch=rs%2Flto-fixes#aa8cff9538e1f1bfcbae56eb1304357ad94077f7"
dependencies = [
 "proc-macro2",
 "quote",
 "syn 2.0.96",
]

[[package]]
name = "riscv-target-parser"
version = "0.1.0"
source = "git+https://github.com/rslawson/riscv?branch=rs%2Flto-fixes#aa8cff9538e1f1bfcbae56eb1304357ad94077f7"

[[package]]
name = "rustc_version"
version = "0.4.1"
source = "registry+https://github.com/rust-lang/crates.io-index"
checksum = "cfcb3a22ef46e85b45de6ee7e79d063319ebb6594faafcf1c225ea92ab6e9b92"
dependencies = [
 "semver",
]

[[package]]
name = "scopeguard"
version = "1.2.0"
source = "registry+https://github.com/rust-lang/crates.io-index"
checksum = "94143f37725109f92c262ed2cf5e59bce7498c01bcc1502d7b9afe439a4e9f49"

[[package]]
name = "semver"
version = "1.0.24"
source = "registry+https://github.com/rust-lang/crates.io-index"
checksum = "3cb6eb87a131f756572d7fb904f6e7b68633f09cca868c5df1c4b8d1a694bbba"

[[package]]
name = "smoltcp"
version = "0.11.0"
source = "git+https://github.com/smoltcp-rs/smoltcp.git?rev=dc08e0b42e668c331bb2b6f8d80016301d0efe03#dc08e0b42e668c331bb2b6f8d80016301d0efe03"
dependencies = [
 "bitflags",
 "byteorder",
 "cfg-if",
 "heapless 0.8.0",
 "log",
 "managed",
]

[[package]]
name = "smoltcp_client"
version = "0.1.0"
dependencies = [
 "bittide-sys",
 "gdb-trace",
 "heapless 0.8.0",
 "log",
 "riscv",
 "riscv-rt",
 "smoltcp",
 "ufmt",
]

[[package]]
name = "spin"
version = "0.9.8"
source = "registry+https://github.com/rust-lang/crates.io-index"
checksum = "6980e8d7511241f8acf4aebddbb1ff938df5eebe98691418c4468d0b72a96a67"
dependencies = [
 "lock_api",
]

[[package]]
name = "stable_deref_trait"
version = "1.2.0"
source = "registry+https://github.com/rust-lang/crates.io-index"
checksum = "a8f112729512f8e442d81f95a8a7ddf2b7c6b8a1a6f509a95864142b30cab2d3"

[[package]]
name = "syn"
version = "1.0.109"
source = "registry+https://github.com/rust-lang/crates.io-index"
checksum = "72b64191b275b66ffe2469e8af2c1cfe3bafa67b529ead792a6d0160888b4237"
dependencies = [
 "proc-macro2",
 "quote",
 "unicode-ident",
]

[[package]]
name = "syn"
version = "2.0.96"
source = "registry+https://github.com/rust-lang/crates.io-index"
checksum = "d5d0adab1ae378d7f53bdebc67a39f1f151407ef230f0ce2883572f5d8985c80"
dependencies = [
 "proc-macro2",
 "quote",
 "unicode-ident",
]

[[package]]
name = "time_self_test"
version = "0.1.0"
dependencies = [
 "bittide-sys",
 "riscv-rt",
 "ufmt",
]

[[package]]
name = "ufmt"
version = "0.2.0"
source = "registry+https://github.com/rust-lang/crates.io-index"
checksum = "1a64846ec02b57e9108d6469d98d1648782ad6bb150a95a9baac26900bbeab9d"
dependencies = [
 "ufmt-macros",
 "ufmt-write",
]

[[package]]
name = "ufmt-macros"
version = "0.3.0"
source = "registry+https://github.com/rust-lang/crates.io-index"
checksum = "d337d3be617449165cb4633c8dece429afd83f84051024079f97ad32a9663716"
dependencies = [
 "proc-macro2",
 "quote",
 "syn 1.0.109",
]

[[package]]
name = "ufmt-write"
version = "0.1.0"
source = "registry+https://github.com/rust-lang/crates.io-index"
checksum = "e87a2ed6b42ec5e28cc3b94c09982969e9227600b2e3dcbc1db927a84c06bd69"

[[package]]
name = "unicode-ident"
version = "1.0.14"
source = "registry+https://github.com/rust-lang/crates.io-index"
checksum = "adb9e6ca4f869e1180728b7950e35922a7fc6397f7b641499e8f3ef06e50dc83"

[[package]]
name = "void"
version = "1.0.2"
source = "registry+https://github.com/rust-lang/crates.io-index"
checksum = "6a02e4885ed3bc0f2de90ea6dd45ebcbb66dacffe03547fadbb0eeae2770887d"

[[package]]
name = "watchdog_test"
version = "0.1.0"
dependencies = [
 "bittide-sys",
 "riscv-rt",
 "ufmt",
]
